{
  "version": "3",
  "remote": {
    "https://cdn.jsdelivr.net/gh/Byzanteam/breeze-js@latest/lib/runtime.ts": "ff2f817652120a33b5d8971ce21928ddeec16139bba7cfd2dd20600055d01485",
    "https://cdn.jsdelivr.net/gh/Byzanteam/breeze-js@latest/lib/url.ts": "82ce34a50847547eb70391e543dbe29423281fc77822621127a5f609ba8de415",
    "https://cdn.jsdelivr.net/gh/Byzanteam/breeze-js@v0.2.2/lib/runtime.ts": "ff2f817652120a33b5d8971ce21928ddeec16139bba7cfd2dd20600055d01485",
    "https://cdn.jsdelivr.net/gh/Byzanteam/breeze-js@v0.2.2/lib/url.ts": "82ce34a50847547eb70391e543dbe29423281fc77822621127a5f609ba8de415",
    "https://cdn.jsdelivr.net/gh/Byzanteam/jet-tower-plugin-js@v0.1.0/deps.ts": "ff0730943cf2742fdc5cf4f9ff1a13e01dee09832ab4fab8161c0d7b4179df97",
    "https://cdn.jsdelivr.net/gh/Byzanteam/jet-tower-plugin-js@v0.1.0/mod.ts": "56e9c58d251c57aefc641207a4ce63bde068dec0d4f783af775814d0041aa0c2",
    "https://cdn.jsdelivr.net/gh/Byzanteam/jet-tower-plugin-js@v0.1.0/src/api.ts": "f2d33b81c6ebc153d18e458e7613e917a83fe40639069bec2d26397c92c608b8",
    "https://cdn.jsdelivr.net/gh/Byzanteam/jet-tower-plugin-js@v0.1.0/src/tower.ts": "b8b4bdf8d75aa8d5252f5bb71911f8039d2b41adc081ffe3d59824e356741654",
    "https://cdn.jsdelivr.net/gh/Byzanteam/jet-tower-plugin-js@v0.1.0/src/types.ts": "d27fea4d0c4a6f37ec2074433c0176298709949895ba7e93fba9624e8ece0e04",
    "https://deno.land/x/hono@v4.0.10/client/client.ts": "9aa632e0df3bb1e10081a29577117c92b65f27252c56d2474ddba2113f584848",
    "https://deno.land/x/hono@v4.0.10/client/index.ts": "30def535310a37bede261f1b23d11a9758983b8e9d60a6c56309cee5f6746ab2",
    "https://deno.land/x/hono@v4.0.10/client/types.ts": "3c00a7ec75de1eb798260796e02a90fc8850aef023a5787467a5eb8c9fc7c297",
    "https://deno.land/x/hono@v4.0.10/client/utils.ts": "b61b11614aa976e4b6f829642528bd78bf8d19a72aa57426e40eb21507a69c0a",
    "https://deno.land/x/hono@v4.0.10/compose.ts": "37d6e33b7db80e4c43a0629b12fd3a1e3406e7d9e62a4bfad4b30426ea7ae4f1",
    "https://deno.land/x/hono@v4.0.10/context.ts": "2c6b270ca580a46335d04bb5aac39ac13d00e7e4910f54deba446c0a93f0401f",
    "https://deno.land/x/hono@v4.0.10/helper/cookie/index.ts": "9adc57af5723f16d52ec1162838ac3c77dc2c8b9e216762e7c68106c7468cc77",
    "https://deno.land/x/hono@v4.0.10/hono-base.ts": "d3323a4668796cd56b9061ad34f2fa12a3c52178890cfffe27bd077e263c0ab7",
    "https://deno.land/x/hono@v4.0.10/hono.ts": "23edd0140bf0bd5a68c14ae96e5856a5cec6b844277e853b91025e91ea74f416",
    "https://deno.land/x/hono@v4.0.10/http-exception.ts": "0dc357bbf1510f59cdfc35aad569df97e5652f7406f0693437fe140383d8d9c0",
    "https://deno.land/x/hono@v4.0.10/mod.ts": "90114a97be9111b348129ad0143e764a64921f60dd03b8f3da529db98a0d3a82",
    "https://deno.land/x/hono@v4.0.10/request.ts": "9c8061eaf4373aa122a77d1aa8e888397425bc5d78bc17c87a2c861375c4f0b3",
    "https://deno.land/x/hono@v4.0.10/router.ts": "880316f561918fc197481755aac2165fdbe2f530b925c5357a9f98d6e2cc85c7",
    "https://deno.land/x/hono@v4.0.10/router/linear-router/index.ts": "8a2a7144c50b1f4a92d9ee99c2c396716af144c868e10608255f969695efccd0",
    "https://deno.land/x/hono@v4.0.10/router/linear-router/router.ts": "9f8b82c2ba63aebafa58e2e0256490d34d254ebbe8a57ca9ce3ba23709bece3a",
    "https://deno.land/x/hono@v4.0.10/router/pattern-router/index.ts": "304a66c50e243872037ed41c7dd79ed0c89d815e17e172e7ad7cdc4bc07d3383",
    "https://deno.land/x/hono@v4.0.10/router/pattern-router/router.ts": "e42b3c45545da9120f4ac9cb333eed6f230ed5cee3fa52949d2c577a37517046",
    "https://deno.land/x/hono@v4.0.10/router/reg-exp-router/index.ts": "52755829213941756159b7a963097bafde5cc4fc22b13b1c7c9184dc0512d1db",
    "https://deno.land/x/hono@v4.0.10/router/reg-exp-router/node.ts": "5b3fb80411db04c65df066e69fedb2c8c0844753c2633d703336de84d569252c",
    "https://deno.land/x/hono@v4.0.10/router/reg-exp-router/router.ts": "558ab9c2d2d10d4023d80026fd976a17b56dc853df7f1acd171b78c00507ce11",
    "https://deno.land/x/hono@v4.0.10/router/reg-exp-router/trie.ts": "852ce7207e6701e47fa30889a0d2b8bfcd56d8862c97e7bc9831e0a64bd8835f",
    "https://deno.land/x/hono@v4.0.10/router/smart-router/index.ts": "74f9b4fe15ea535900f2b9b048581915f12fe94e531dd2b0032f5610e61c3bef",
    "https://deno.land/x/hono@v4.0.10/router/smart-router/router.ts": "f1848a2a1eefa316a11853ae12e749552747771fb8a11fe713ae04ea6461140b",
    "https://deno.land/x/hono@v4.0.10/router/trie-router/index.ts": "3eb75e7f71ba81801631b30de6b1f5cefb2c7239c03797e2b2cbab5085911b41",
    "https://deno.land/x/hono@v4.0.10/router/trie-router/node.ts": "04d2eac912cc367b95545ce10d889134fc37be74ca729a7f0772970f37b29d11",
    "https://deno.land/x/hono@v4.0.10/router/trie-router/router.ts": "54ced78d35676302c8fcdda4204f7bdf5a7cc907fbf9967c75674b1e394f830d",
    "https://deno.land/x/hono@v4.0.10/types.ts": "6fa40ae360b4f0e348faff4066adf2cd7e8165dea5b48b7fc41044c324b59596",
    "https://deno.land/x/hono@v4.0.10/utils/body.ts": "1c7013f83bbef8216b3d862111efd5a183eaa29e86decf9a7eec6cdf25757e93",
    "https://deno.land/x/hono@v4.0.10/utils/buffer.ts": "9066a973e64498cb262c7e932f47eed525a51677b17f90893862b7279dc0773e",
    "https://deno.land/x/hono@v4.0.10/utils/cookie.ts": "a8d61878bc6eb338d17758e2b5b47512ac1ced8d824fd4ff7b637b091cc7b28f",
    "https://deno.land/x/hono@v4.0.10/utils/crypto.ts": "bda0e141bbe46d3a4a20f8fbcb6380d473b617123d9fdfa93e4499410b537acc",
    "https://deno.land/x/hono@v4.0.10/utils/html.ts": "6ea4f6bf41587a51607dff7a6d2865ef4d5001e4203b07e5c8a45b63a098e871",
    "https://deno.land/x/hono@v4.0.10/utils/http-status.ts": "f5b820f2793e45209f34deddf147b23e3133a89eb4c57dc643759a504706636b",
    "https://deno.land/x/hono@v4.0.10/utils/types.ts": "47426b7de99a75aa39305a21868c8d8e8d1316d24136a2d35fdf24e15f72970c",
    "https://deno.land/x/hono@v4.0.10/utils/url.ts": "d9d307a495e7dfc6e916fbcfa74c2d8d23e8e685bddc5e6ebc9c0f784345a01a",
    "https://deno.land/x/hono@v4.0.10/validator/index.ts": "6c986e8b91dcf857ecc8164a506ae8eea8665792a4ff7215471df669c632ae7c",
    "https://deno.land/x/hono@v4.0.10/validator/validator.ts": "d80db93f84bce6406feac5d157cb97ee69242498d0dbec4568cb5df1a844bf0f",
    "https://esm.sh/@oslojs/oauth2@0.1.2": "e012dcba35f8d61e4c129763c38b0665686510e0548519b940392ad11ddbc630",
    "https://esm.sh/v135/@oslojs/binary@0.2.0/denonext/binary.mjs": "7f9c2365c6c4e72baf9252c8c128c38fd9bf6f6371f404421f8f834f9afb838b",
    "https://esm.sh/v135/@oslojs/crypto@0.2.0/denonext/sha2.js": "02c208f7d622a3de1c5f9956a28bd028c7a11f01c556734c0dd3a7de81ae5f55",
    "https://esm.sh/v135/@oslojs/encoding@0.3.0/denonext/encoding.mjs": "921ece2e0d26fe8e062b6fe747960359269b9dfbe271b6d51f92ce6116cf59fe",
    "https://esm.sh/v135/@oslojs/oauth2@0.1.2/denonext/oauth2.mjs": "64ac6224ceaa83e34ee312df09d3060ead6cc93df777fff79e3ace5a6c965059"
  }
}
